{
  "nodes": {
    "darknet": {
      "inputs": {
        "nixpkgs": "nixpkgs"
      },
      "locked": {
        "lastModified": 1653316073,
        "narHash": "sha256-ii9zx6h91byepr8kBMizvgo0renMvQ7N4tZzvdjBWEE=",
        "owner": "leonardp",
        "repo": "darknet-flake",
        "rev": "c89d4123afdfaff3352690dd3dc51b37bceac68f",
        "type": "github"
      },
      "original": {
        "owner": "leonardp",
        "ref": "main",
        "repo": "darknet-flake",
        "type": "github"
      }
    },
    "nixpkgs": {
      "locked": {
        "lastModified": 1653117584,
        "narHash": "sha256-5uUrHeHBIaySBTrRExcCoW8fBBYVSDjDYDU5A6iOl+k=",
        "owner": "NixOS",
        "repo": "nixpkgs",
        "rev": "f4dfed73ee886b115a99e5b85fdfbeb683290d83",
        "type": "github"
      },
      "original": {
        "id": "nixpkgs",
        "type": "indirect"
      }
    },
    "nixpkgs_2": {
      "locked": {
        "lastModified": 1653117584,
        "narHash": "sha256-5uUrHeHBIaySBTrRExcCoW8fBBYVSDjDYDU5A6iOl+k=",
        "owner": "NixOS",
        "repo": "nixpkgs",
        "rev": "f4dfed73ee886b115a99e5b85fdfbeb683290d83",
        "type": "github"
      },
      "original": {
        "id": "nixpkgs",
        "type": "indirect"
      }
    },
    "root": {
      "inputs": {
        "darknet": "darknet",
        "nixpkgs": "nixpkgs_2"
      }
    }
  },
  "root": "root",
  "version": 7
}
